
Microsoft Visual Studio Solution File, Format Version 12.00
# Visual Studio Version 17
VisualStudioVersion = 17.14.36221.1 d17.14
MinimumVisualStudioVersion = 10.0.40219.1
Project("{FAE04EC0-301F-11D3-BF4B-00C04F79EFBC}") = "LenguajeExamen", "LenguajeExamen\LenguajeExamen.csproj", "{C588EFE9-6BA9-4AF8-A0E8-DD17A529798B}"
EndProject
Global
	GlobalSection(SolutionConfigurationPlatforms) = preSolution
		Debug|Any CPU = Debug|Any CPU
		Release|Any CPU = Release|Any CPU
	EndGlobalSection
	GlobalSection(ProjectConfigurationPlatforms) = postSolution
		{C588EFE9-6BA9-4AF8-A0E8-DD17A529798B}.Debug|Any CPU.ActiveCfg = Debug|Any CPU
		{C588EFE9-6BA9-4AF8-A0E8-DD17A529798B}.Debug|Any CPU.Build.0 = Debug|Any CPU
		{C588EFE9-6BA9-4AF8-A0E8-DD17A529798B}.Release|Any CPU.ActiveCfg = Release|Any CPU
		{C588EFE9-6BA9-4AF8-A0E8-DD17A529798B}.Release|Any CPU.Build.0 = Release|Any CPU
	EndGlobalSection
	GlobalSection(SolutionProperties) = preSolution
		HideSolutionNode = FALSE
	EndGlobalSection
	GlobalSection(ExtensibilityGlobals) = postSolution
		SolutionGuid = {49B86C29-8109-4451-AF86-F0F3C248DE6E}
	EndGlobalSection
EndGlobal
